
Microsoft Visual Studio Solution File, Format Version 12.00
# Visual Studio Version 17
VisualStudioVersion = 17.3.32825.248
MinimumVisualStudioVersion = 10.0.40219.1
Project("{9A19103F-16F7-4668-BE54-9A1E7A4F7556}") = "Les01", "Les01\Les01.csproj", "{DA0B742E-C82F-477B-BF73-BD75A9541BE1}"
EndProject
Project("{9A19103F-16F7-4668-BE54-9A1E7A4F7556}") = "Les02", "Les02\Les02.csproj", "{9B084DFE-CAEF-4966-8043-5FB94B2E3EDA}"
EndProject
Project("{9A19103F-16F7-4668-BE54-9A1E7A4F7556}") = "Les03", "Les03\Les03.csproj", "{C8D74237-F251-4C52-90E0-1D521D69EC5F}"
EndProject
Project("{8BC9CEB8-8B4A-11D0-8D11-00A0C91BC942}") = "test", "test\test.vcxproj", "{7CE1B1BE-D9D9-4B9C-ABA0-11CF014997EC}"
EndProject
Project("{9A19103F-16F7-4668-BE54-9A1E7A4F7556}") = "Les04", "Les04\Les04.csproj", "{24DABCC2-A8EF-4E0E-A6FA-1C2DF1093D38}"
EndProject
Project("{9A19103F-16F7-4668-BE54-9A1E7A4F7556}") = "Les05", "Les05\Les05.csproj", "{B804D107-5A42-4CCB-8222-778A4E9088B3}"
EndProject
Project("{9A19103F-16F7-4668-BE54-9A1E7A4F7556}") = "Les06", "Les06\Les06.csproj", "{477EF9CE-DC58-43EF-865E-5CC0F349D341}"
EndProject
Project("{9A19103F-16F7-4668-BE54-9A1E7A4F7556}") = "Les07", "Les07\Les07.csproj", "{79F2DCE7-12F6-4CA8-B7C1-72853997A413}"
EndProject
Project("{8BC9CEB8-8B4A-11D0-8D11-00A0C91BC942}") = "Les08", "Les08\Les08.vcxproj", "{E7F54272-42F3-4D4F-828B-121D639E343F}"
EndProject
Project("{8BC9CEB8-8B4A-11D0-8D11-00A0C91BC942}") = "Les09", "Les09\Les09.vcxproj", "{D071C271-1EA3-4DE2-A5AE-63276D76AFE3}"
EndProject
Project("{9A19103F-16F7-4668-BE54-9A1E7A4F7556}") = "Les09CS", "Les09CS\Les09CS.csproj", "{C2D98A33-58F0-48DB-AA44-3968C732D607}"
EndProject
Project("{9A19103F-16F7-4668-BE54-9A1E7A4F7556}") = "Les10", "Les10\Les10.csproj", "{26DFD2D4-BFE8-4272-90FD-F3E23B44110F}"
EndProject
Project("{9A19103F-16F7-4668-BE54-9A1E7A4F7556}") = "Les11", "Les11\Les11.csproj", "{FD6CF164-EC66-4A7D-BB38-55D3423EE753}"
EndProject
Project("{9A19103F-16F7-4668-BE54-9A1E7A4F7556}") = "Les12", "Les12\Les12.csproj", "{492954C6-B198-4A11-9F37-5D6833CC1BDA}"
EndProject
Project("{9A19103F-16F7-4668-BE54-9A1E7A4F7556}") = "Les13", "Les13\Les13.csproj", "{921ED443-7C5A-450D-979E-3E26312B6272}"
EndProject
Project("{9A19103F-16F7-4668-BE54-9A1E7A4F7556}") = "Les14", "Les14\Les14.csproj", "{02628686-4CC1-41CF-AF7F-D29BD14DE495}"
EndProject
Project("{9A19103F-16F7-4668-BE54-9A1E7A4F7556}") = "Les15", "Les15\Les15.csproj", "{A26FD631-F6E7-405A-B5B3-D8E2982CA708}"
EndProject
Project("{9A19103F-16F7-4668-BE54-9A1E7A4F7556}") = "Les16", "Les16\Les16.csproj", "{A2FD088F-7ED6-4A87-B1A3-FC62504FBE2B}"
EndProject
Project("{9A19103F-16F7-4668-BE54-9A1E7A4F7556}") = "Les17", "Les17\Les17.csproj", "{808956AC-4BF8-40DA-BBB5-D126AC0CDEC6}"
EndProject
Project("{9A19103F-16F7-4668-BE54-9A1E7A4F7556}") = "Les18", "Les18\Les18.csproj", "{9BC0F168-8335-4069-9619-72C315E2421E}"
EndProject
Project("{FAE04EC0-301F-11D3-BF4B-00C04F79EFBC}") = "Les19", "Les19\Les19.csproj", "{9345CCB9-9A39-45ED-AB7D-078DF8669275}"
EndProject
Global
	GlobalSection(SolutionConfigurationPlatforms) = preSolution
		Debug|Any CPU = Debug|Any CPU
		Debug|x64 = Debug|x64
		Debug|x86 = Debug|x86
		Release|Any CPU = Release|Any CPU
		Release|x64 = Release|x64
		Release|x86 = Release|x86
	EndGlobalSection
	GlobalSection(ProjectConfigurationPlatforms) = postSolution
		{DA0B742E-C82F-477B-BF73-BD75A9541BE1}.Debug|Any CPU.ActiveCfg = Debug|Any CPU
		{DA0B742E-C82F-477B-BF73-BD75A9541BE1}.Debug|Any CPU.Build.0 = Debug|Any CPU
		{DA0B742E-C82F-477B-BF73-BD75A9541BE1}.Debug|x64.ActiveCfg = Debug|Any CPU
		{DA0B742E-C82F-477B-BF73-BD75A9541BE1}.Debug|x64.Build.0 = Debug|Any CPU
		{DA0B742E-C82F-477B-BF73-BD75A9541BE1}.Debug|x86.ActiveCfg = Debug|Any CPU
		{DA0B742E-C82F-477B-BF73-BD75A9541BE1}.Debug|x86.Build.0 = Debug|Any CPU
		{DA0B742E-C82F-477B-BF73-BD75A9541BE1}.Release|Any CPU.ActiveCfg = Release|Any CPU
		{DA0B742E-C82F-477B-BF73-BD75A9541BE1}.Release|Any CPU.Build.0 = Release|Any CPU
		{DA0B742E-C82F-477B-BF73-BD75A9541BE1}.Release|x64.ActiveCfg = Release|Any CPU
		{DA0B742E-C82F-477B-BF73-BD75A9541BE1}.Release|x64.Build.0 = Release|Any CPU
		{DA0B742E-C82F-477B-BF73-BD75A9541BE1}.Release|x86.ActiveCfg = Release|Any CPU
		{DA0B742E-C82F-477B-BF73-BD75A9541BE1}.Release|x86.Build.0 = Release|Any CPU
		{9B084DFE-CAEF-4966-8043-5FB94B2E3EDA}.Debug|Any CPU.ActiveCfg = Debug|Any CPU
		{9B084DFE-CAEF-4966-8043-5FB94B2E3EDA}.Debug|Any CPU.Build.0 = Debug|Any CPU
		{9B084DFE-CAEF-4966-8043-5FB94B2E3EDA}.Debug|x64.ActiveCfg = Debug|Any CPU
		{9B084DFE-CAEF-4966-8043-5FB94B2E3EDA}.Debug|x64.Build.0 = Debug|Any CPU
		{9B084DFE-CAEF-4966-8043-5FB94B2E3EDA}.Debug|x86.ActiveCfg = Debug|Any CPU
		{9B084DFE-CAEF-4966-8043-5FB94B2E3EDA}.Debug|x86.Build.0 = Debug|Any CPU
		{9B084DFE-CAEF-4966-8043-5FB94B2E3EDA}.Release|Any CPU.ActiveCfg = Release|Any CPU
		{9B084DFE-CAEF-4966-8043-5FB94B2E3EDA}.Release|Any CPU.Build.0 = Release|Any CPU
		{9B084DFE-CAEF-4966-8043-5FB94B2E3EDA}.Release|x64.ActiveCfg = Release|Any CPU
		{9B084DFE-CAEF-4966-8043-5FB94B2E3EDA}.Release|x64.Build.0 = Release|Any CPU
		{9B084DFE-CAEF-4966-8043-5FB94B2E3EDA}.Release|x86.ActiveCfg = Release|Any CPU
		{9B084DFE-CAEF-4966-8043-5FB94B2E3EDA}.Release|x86.Build.0 = Release|Any CPU
		{C8D74237-F251-4C52-90E0-1D521D69EC5F}.Debug|Any CPU.ActiveCfg = Debug|Any CPU
		{C8D74237-F251-4C52-90E0-1D521D69EC5F}.Debug|Any CPU.Build.0 = Debug|Any CPU
		{C8D74237-F251-4C52-90E0-1D521D69EC5F}.Debug|x64.ActiveCfg = Debug|Any CPU
		{C8D74237-F251-4C52-90E0-1D521D69EC5F}.Debug|x64.Build.0 = Debug|Any CPU
		{C8D74237-F251-4C52-90E0-1D521D69EC5F}.Debug|x86.ActiveCfg = Debug|Any CPU
		{C8D74237-F251-4C52-90E0-1D521D69EC5F}.Debug|x86.Build.0 = Debug|Any CPU
		{C8D74237-F251-4C52-90E0-1D521D69EC5F}.Release|Any CPU.ActiveCfg = Release|Any CPU
		{C8D74237-F251-4C52-90E0-1D521D69EC5F}.Release|Any CPU.Build.0 = Release|Any CPU
		{C8D74237-F251-4C52-90E0-1D521D69EC5F}.Release|x64.ActiveCfg = Release|Any CPU
		{C8D74237-F251-4C52-90E0-1D521D69EC5F}.Release|x64.Build.0 = Release|Any CPU
		{C8D74237-F251-4C52-90E0-1D521D69EC5F}.Release|x86.ActiveCfg = Release|Any CPU
		{C8D74237-F251-4C52-90E0-1D521D69EC5F}.Release|x86.Build.0 = Release|Any CPU
		{7CE1B1BE-D9D9-4B9C-ABA0-11CF014997EC}.Debug|Any CPU.ActiveCfg = Debug|x64
		{7CE1B1BE-D9D9-4B9C-ABA0-11CF014997EC}.Debug|Any CPU.Build.0 = Debug|x64
		{7CE1B1BE-D9D9-4B9C-ABA0-11CF014997EC}.Debug|x64.ActiveCfg = Debug|x64
		{7CE1B1BE-D9D9-4B9C-ABA0-11CF014997EC}.Debug|x64.Build.0 = Debug|x64
		{7CE1B1BE-D9D9-4B9C-ABA0-11CF014997EC}.Debug|x86.ActiveCfg = Debug|Win32
		{7CE1B1BE-D9D9-4B9C-ABA0-11CF014997EC}.Debug|x86.Build.0 = Debug|Win32
		{7CE1B1BE-D9D9-4B9C-ABA0-11CF014997EC}.Release|Any CPU.ActiveCfg = Release|x64
		{7CE1B1BE-D9D9-4B9C-ABA0-11CF014997EC}.Release|Any CPU.Build.0 = Release|x64
		{7CE1B1BE-D9D9-4B9C-ABA0-11CF014997EC}.Release|x64.ActiveCfg = Release|x64
		{7CE1B1BE-D9D9-4B9C-ABA0-11CF014997EC}.Release|x64.Build.0 = Release|x64
		{7CE1B1BE-D9D9-4B9C-ABA0-11CF014997EC}.Release|x86.ActiveCfg = Release|Win32
		{7CE1B1BE-D9D9-4B9C-ABA0-11CF014997EC}.Release|x86.Build.0 = Release|Win32
		{24DABCC2-A8EF-4E0E-A6FA-1C2DF1093D38}.Debug|Any CPU.ActiveCfg = Debug|Any CPU
		{24DABCC2-A8EF-4E0E-A6FA-1C2DF1093D38}.Debug|Any CPU.Build.0 = Debug|Any CPU
		{24DABCC2-A8EF-4E0E-A6FA-1C2DF1093D38}.Debug|x64.ActiveCfg = Debug|Any CPU
		{24DABCC2-A8EF-4E0E-A6FA-1C2DF1093D38}.Debug|x64.Build.0 = Debug|Any CPU
		{24DABCC2-A8EF-4E0E-A6FA-1C2DF1093D38}.Debug|x86.ActiveCfg = Debug|Any CPU
		{24DABCC2-A8EF-4E0E-A6FA-1C2DF1093D38}.Debug|x86.Build.0 = Debug|Any CPU
		{24DABCC2-A8EF-4E0E-A6FA-1C2DF1093D38}.Release|Any CPU.ActiveCfg = Release|Any CPU
		{24DABCC2-A8EF-4E0E-A6FA-1C2DF1093D38}.Release|Any CPU.Build.0 = Release|Any CPU
		{24DABCC2-A8EF-4E0E-A6FA-1C2DF1093D38}.Release|x64.ActiveCfg = Release|Any CPU
		{24DABCC2-A8EF-4E0E-A6FA-1C2DF1093D38}.Release|x64.Build.0 = Release|Any CPU
		{24DABCC2-A8EF-4E0E-A6FA-1C2DF1093D38}.Release|x86.ActiveCfg = Release|Any CPU
		{24DABCC2-A8EF-4E0E-A6FA-1C2DF1093D38}.Release|x86.Build.0 = Release|Any CPU
		{B804D107-5A42-4CCB-8222-778A4E9088B3}.Debug|Any CPU.ActiveCfg = Debug|Any CPU
		{B804D107-5A42-4CCB-8222-778A4E9088B3}.Debug|Any CPU.Build.0 = Debug|Any CPU
		{B804D107-5A42-4CCB-8222-778A4E9088B3}.Debug|x64.ActiveCfg = Debug|Any CPU
		{B804D107-5A42-4CCB-8222-778A4E9088B3}.Debug|x64.Build.0 = Debug|Any CPU
		{B804D107-5A42-4CCB-8222-778A4E9088B3}.Debug|x86.ActiveCfg = Debug|Any CPU
		{B804D107-5A42-4CCB-8222-778A4E9088B3}.Debug|x86.Build.0 = Debug|Any CPU
		{B804D107-5A42-4CCB-8222-778A4E9088B3}.Release|Any CPU.ActiveCfg = Release|Any CPU
		{B804D107-5A42-4CCB-8222-778A4E9088B3}.Release|Any CPU.Build.0 = Release|Any CPU
		{B804D107-5A42-4CCB-8222-778A4E9088B3}.Release|x64.ActiveCfg = Release|Any CPU
		{B804D107-5A42-4CCB-8222-778A4E9088B3}.Release|x64.Build.0 = Release|Any CPU
		{B804D107-5A42-4CCB-8222-778A4E9088B3}.Release|x86.ActiveCfg = Release|Any CPU
		{B804D107-5A42-4CCB-8222-778A4E9088B3}.Release|x86.Build.0 = Release|Any CPU
		{477EF9CE-DC58-43EF-865E-5CC0F349D341}.Debug|Any CPU.ActiveCfg = Debug|Any CPU
		{477EF9CE-DC58-43EF-865E-5CC0F349D341}.Debug|Any CPU.Build.0 = Debug|Any CPU
		{477EF9CE-DC58-43EF-865E-5CC0F349D341}.Debug|x64.ActiveCfg = Debug|Any CPU
		{477EF9CE-DC58-43EF-865E-5CC0F349D341}.Debug|x64.Build.0 = Debug|Any CPU
		{477EF9CE-DC58-43EF-865E-5CC0F349D341}.Debug|x86.ActiveCfg = Debug|Any CPU
		{477EF9CE-DC58-43EF-865E-5CC0F349D341}.Debug|x86.Build.0 = Debug|Any CPU
		{477EF9CE-DC58-43EF-865E-5CC0F349D341}.Release|Any CPU.ActiveCfg = Release|Any CPU
		{477EF9CE-DC58-43EF-865E-5CC0F349D341}.Release|Any CPU.Build.0 = Release|Any CPU
		{477EF9CE-DC58-43EF-865E-5CC0F349D341}.Release|x64.ActiveCfg = Release|Any CPU
		{477EF9CE-DC58-43EF-865E-5CC0F349D341}.Release|x64.Build.0 = Release|Any CPU
		{477EF9CE-DC58-43EF-865E-5CC0F349D341}.Release|x86.ActiveCfg = Release|Any CPU
		{477EF9CE-DC58-43EF-865E-5CC0F349D341}.Release|x86.Build.0 = Release|Any CPU
		{79F2DCE7-12F6-4CA8-B7C1-72853997A413}.Debug|Any CPU.ActiveCfg = Debug|Any CPU
		{79F2DCE7-12F6-4CA8-B7C1-72853997A413}.Debug|Any CPU.Build.0 = Debug|Any CPU
		{79F2DCE7-12F6-4CA8-B7C1-72853997A413}.Debug|x64.ActiveCfg = Debug|Any CPU
		{79F2DCE7-12F6-4CA8-B7C1-72853997A413}.Debug|x64.Build.0 = Debug|Any CPU
		{79F2DCE7-12F6-4CA8-B7C1-72853997A413}.Debug|x86.ActiveCfg = Debug|Any CPU
		{79F2DCE7-12F6-4CA8-B7C1-72853997A413}.Debug|x86.Build.0 = Debug|Any CPU
		{79F2DCE7-12F6-4CA8-B7C1-72853997A413}.Release|Any CPU.ActiveCfg = Release|Any CPU
		{79F2DCE7-12F6-4CA8-B7C1-72853997A413}.Release|Any CPU.Build.0 = Release|Any CPU
		{79F2DCE7-12F6-4CA8-B7C1-72853997A413}.Release|x64.ActiveCfg = Release|Any CPU
		{79F2DCE7-12F6-4CA8-B7C1-72853997A413}.Release|x64.Build.0 = Release|Any CPU
		{79F2DCE7-12F6-4CA8-B7C1-72853997A413}.Release|x86.ActiveCfg = Release|Any CPU
		{79F2DCE7-12F6-4CA8-B7C1-72853997A413}.Release|x86.Build.0 = Release|Any CPU
		{E7F54272-42F3-4D4F-828B-121D639E343F}.Debug|Any CPU.ActiveCfg = Debug|x64
		{E7F54272-42F3-4D4F-828B-121D639E343F}.Debug|Any CPU.Build.0 = Debug|x64
		{E7F54272-42F3-4D4F-828B-121D639E343F}.Debug|x64.ActiveCfg = Debug|x64
		{E7F54272-42F3-4D4F-828B-121D639E343F}.Debug|x64.Build.0 = Debug|x64
		{E7F54272-42F3-4D4F-828B-121D639E343F}.Debug|x86.ActiveCfg = Debug|Win32
		{E7F54272-42F3-4D4F-828B-121D639E343F}.Debug|x86.Build.0 = Debug|Win32
		{E7F54272-42F3-4D4F-828B-121D639E343F}.Release|Any CPU.ActiveCfg = Release|x64
		{E7F54272-42F3-4D4F-828B-121D639E343F}.Release|Any CPU.Build.0 = Release|x64
		{E7F54272-42F3-4D4F-828B-121D639E343F}.Release|x64.ActiveCfg = Release|x64
		{E7F54272-42F3-4D4F-828B-121D639E343F}.Release|x64.Build.0 = Release|x64
		{E7F54272-42F3-4D4F-828B-121D639E343F}.Release|x86.ActiveCfg = Release|Win32
		{E7F54272-42F3-4D4F-828B-121D639E343F}.Release|x86.Build.0 = Release|Win32
		{D071C271-1EA3-4DE2-A5AE-63276D76AFE3}.Debug|Any CPU.ActiveCfg = Debug|x64
		{D071C271-1EA3-4DE2-A5AE-63276D76AFE3}.Debug|Any CPU.Build.0 = Debug|x64
		{D071C271-1EA3-4DE2-A5AE-63276D76AFE3}.Debug|x64.ActiveCfg = Debug|x64
		{D071C271-1EA3-4DE2-A5AE-63276D76AFE3}.Debug|x64.Build.0 = Debug|x64
		{D071C271-1EA3-4DE2-A5AE-63276D76AFE3}.Debug|x86.ActiveCfg = Debug|Win32
		{D071C271-1EA3-4DE2-A5AE-63276D76AFE3}.Debug|x86.Build.0 = Debug|Win32
		{D071C271-1EA3-4DE2-A5AE-63276D76AFE3}.Release|Any CPU.ActiveCfg = Release|x64
		{D071C271-1EA3-4DE2-A5AE-63276D76AFE3}.Release|Any CPU.Build.0 = Release|x64
		{D071C271-1EA3-4DE2-A5AE-63276D76AFE3}.Release|x64.ActiveCfg = Release|x64
		{D071C271-1EA3-4DE2-A5AE-63276D76AFE3}.Release|x64.Build.0 = Release|x64
		{D071C271-1EA3-4DE2-A5AE-63276D76AFE3}.Release|x86.ActiveCfg = Release|Win32
		{D071C271-1EA3-4DE2-A5AE-63276D76AFE3}.Release|x86.Build.0 = Release|Win32
		{C2D98A33-58F0-48DB-AA44-3968C732D607}.Debug|Any CPU.ActiveCfg = Debug|Any CPU
		{C2D98A33-58F0-48DB-AA44-3968C732D607}.Debug|Any CPU.Build.0 = Debug|Any CPU
		{C2D98A33-58F0-48DB-AA44-3968C732D607}.Debug|x64.ActiveCfg = Debug|Any CPU
		{C2D98A33-58F0-48DB-AA44-3968C732D607}.Debug|x64.Build.0 = Debug|Any CPU
		{C2D98A33-58F0-48DB-AA44-3968C732D607}.Debug|x86.ActiveCfg = Debug|Any CPU
		{C2D98A33-58F0-48DB-AA44-3968C732D607}.Debug|x86.Build.0 = Debug|Any CPU
		{C2D98A33-58F0-48DB-AA44-3968C732D607}.Release|Any CPU.ActiveCfg = Release|Any CPU
		{C2D98A33-58F0-48DB-AA44-3968C732D607}.Release|Any CPU.Build.0 = Release|Any CPU
		{C2D98A33-58F0-48DB-AA44-3968C732D607}.Release|x64.ActiveCfg = Release|Any CPU
		{C2D98A33-58F0-48DB-AA44-3968C732D607}.Release|x64.Build.0 = Release|Any CPU
		{C2D98A33-58F0-48DB-AA44-3968C732D607}.Release|x86.ActiveCfg = Release|Any CPU
		{C2D98A33-58F0-48DB-AA44-3968C732D607}.Release|x86.Build.0 = Release|Any CPU
		{26DFD2D4-BFE8-4272-90FD-F3E23B44110F}.Debug|Any CPU.ActiveCfg = Debug|Any CPU
		{26DFD2D4-BFE8-4272-90FD-F3E23B44110F}.Debug|Any CPU.Build.0 = Debug|Any CPU
		{26DFD2D4-BFE8-4272-90FD-F3E23B44110F}.Debug|x64.ActiveCfg = Debug|Any CPU
		{26DFD2D4-BFE8-4272-90FD-F3E23B44110F}.Debug|x64.Build.0 = Debug|Any CPU
		{26DFD2D4-BFE8-4272-90FD-F3E23B44110F}.Debug|x86.ActiveCfg = Debug|Any CPU
		{26DFD2D4-BFE8-4272-90FD-F3E23B44110F}.Debug|x86.Build.0 = Debug|Any CPU
		{26DFD2D4-BFE8-4272-90FD-F3E23B44110F}.Release|Any CPU.ActiveCfg = Release|Any CPU
		{26DFD2D4-BFE8-4272-90FD-F3E23B44110F}.Release|Any CPU.Build.0 = Release|Any CPU
		{26DFD2D4-BFE8-4272-90FD-F3E23B44110F}.Release|x64.ActiveCfg = Release|Any CPU
		{26DFD2D4-BFE8-4272-90FD-F3E23B44110F}.Release|x64.Build.0 = Release|Any CPU
		{26DFD2D4-BFE8-4272-90FD-F3E23B44110F}.Release|x86.ActiveCfg = Release|Any CPU
		{26DFD2D4-BFE8-4272-90FD-F3E23B44110F}.Release|x86.Build.0 = Release|Any CPU
		{FD6CF164-EC66-4A7D-BB38-55D3423EE753}.Debug|Any CPU.ActiveCfg = Debug|Any CPU
		{FD6CF164-EC66-4A7D-BB38-55D3423EE753}.Debug|Any CPU.Build.0 = Debug|Any CPU
		{FD6CF164-EC66-4A7D-BB38-55D3423EE753}.Debug|x64.ActiveCfg = Debug|Any CPU
		{FD6CF164-EC66-4A7D-BB38-55D3423EE753}.Debug|x64.Build.0 = Debug|Any CPU
		{FD6CF164-EC66-4A7D-BB38-55D3423EE753}.Debug|x86.ActiveCfg = Debug|Any CPU
		{FD6CF164-EC66-4A7D-BB38-55D3423EE753}.Debug|x86.Build.0 = Debug|Any CPU
		{FD6CF164-EC66-4A7D-BB38-55D3423EE753}.Release|Any CPU.ActiveCfg = Release|Any CPU
		{FD6CF164-EC66-4A7D-BB38-55D3423EE753}.Release|Any CPU.Build.0 = Release|Any CPU
		{FD6CF164-EC66-4A7D-BB38-55D3423EE753}.Release|x64.ActiveCfg = Release|Any CPU
		{FD6CF164-EC66-4A7D-BB38-55D3423EE753}.Release|x64.Build.0 = Release|Any CPU
		{FD6CF164-EC66-4A7D-BB38-55D3423EE753}.Release|x86.ActiveCfg = Release|Any CPU
		{FD6CF164-EC66-4A7D-BB38-55D3423EE753}.Release|x86.Build.0 = Release|Any CPU
		{492954C6-B198-4A11-9F37-5D6833CC1BDA}.Debug|Any CPU.ActiveCfg = Debug|Any CPU
		{492954C6-B198-4A11-9F37-5D6833CC1BDA}.Debug|Any CPU.Build.0 = Debug|Any CPU
		{492954C6-B198-4A11-9F37-5D6833CC1BDA}.Debug|x64.ActiveCfg = Debug|Any CPU
		{492954C6-B198-4A11-9F37-5D6833CC1BDA}.Debug|x64.Build.0 = Debug|Any CPU
		{492954C6-B198-4A11-9F37-5D6833CC1BDA}.Debug|x86.ActiveCfg = Debug|Any CPU
		{492954C6-B198-4A11-9F37-5D6833CC1BDA}.Debug|x86.Build.0 = Debug|Any CPU
		{492954C6-B198-4A11-9F37-5D6833CC1BDA}.Release|Any CPU.ActiveCfg = Release|Any CPU
		{492954C6-B198-4A11-9F37-5D6833CC1BDA}.Release|Any CPU.Build.0 = Release|Any CPU
		{492954C6-B198-4A11-9F37-5D6833CC1BDA}.Release|x64.ActiveCfg = Release|Any CPU
		{492954C6-B198-4A11-9F37-5D6833CC1BDA}.Release|x64.Build.0 = Release|Any CPU
		{492954C6-B198-4A11-9F37-5D6833CC1BDA}.Release|x86.ActiveCfg = Release|Any CPU
		{492954C6-B198-4A11-9F37-5D6833CC1BDA}.Release|x86.Build.0 = Release|Any CPU
		{921ED443-7C5A-450D-979E-3E26312B6272}.Debug|Any CPU.ActiveCfg = Debug|Any CPU
		{921ED443-7C5A-450D-979E-3E26312B6272}.Debug|Any CPU.Build.0 = Debug|Any CPU
		{921ED443-7C5A-450D-979E-3E26312B6272}.Debug|x64.ActiveCfg = Debug|Any CPU
		{921ED443-7C5A-450D-979E-3E26312B6272}.Debug|x64.Build.0 = Debug|Any CPU
		{921ED443-7C5A-450D-979E-3E26312B6272}.Debug|x86.ActiveCfg = Debug|Any CPU
		{921ED443-7C5A-450D-979E-3E26312B6272}.Debug|x86.Build.0 = Debug|Any CPU
		{921ED443-7C5A-450D-979E-3E26312B6272}.Release|Any CPU.ActiveCfg = Release|Any CPU
		{921ED443-7C5A-450D-979E-3E26312B6272}.Release|Any CPU.Build.0 = Release|Any CPU
		{921ED443-7C5A-450D-979E-3E26312B6272}.Release|x64.ActiveCfg = Release|Any CPU
		{921ED443-7C5A-450D-979E-3E26312B6272}.Release|x64.Build.0 = Release|Any CPU
		{921ED443-7C5A-450D-979E-3E26312B6272}.Release|x86.ActiveCfg = Release|Any CPU
		{921ED443-7C5A-450D-979E-3E26312B6272}.Release|x86.Build.0 = Release|Any CPU
		{02628686-4CC1-41CF-AF7F-D29BD14DE495}.Debug|Any CPU.ActiveCfg = Debug|Any CPU
		{02628686-4CC1-41CF-AF7F-D29BD14DE495}.Debug|Any CPU.Build.0 = Debug|Any CPU
		{02628686-4CC1-41CF-AF7F-D29BD14DE495}.Debug|x64.ActiveCfg = Debug|Any CPU
		{02628686-4CC1-41CF-AF7F-D29BD14DE495}.Debug|x64.Build.0 = Debug|Any CPU
		{02628686-4CC1-41CF-AF7F-D29BD14DE495}.Debug|x86.ActiveCfg = Debug|Any CPU
		{02628686-4CC1-41CF-AF7F-D29BD14DE495}.Debug|x86.Build.0 = Debug|Any CPU
		{02628686-4CC1-41CF-AF7F-D29BD14DE495}.Release|Any CPU.ActiveCfg = Release|Any CPU
		{02628686-4CC1-41CF-AF7F-D29BD14DE495}.Release|Any CPU.Build.0 = Release|Any CPU
		{02628686-4CC1-41CF-AF7F-D29BD14DE495}.Release|x64.ActiveCfg = Release|Any CPU
		{02628686-4CC1-41CF-AF7F-D29BD14DE495}.Release|x64.Build.0 = Release|Any CPU
		{02628686-4CC1-41CF-AF7F-D29BD14DE495}.Release|x86.ActiveCfg = Release|Any CPU
		{02628686-4CC1-41CF-AF7F-D29BD14DE495}.Release|x86.Build.0 = Release|Any CPU
		{A26FD631-F6E7-405A-B5B3-D8E2982CA708}.Debug|Any CPU.ActiveCfg = Debug|Any CPU
		{A26FD631-F6E7-405A-B5B3-D8E2982CA708}.Debug|Any CPU.Build.0 = Debug|Any CPU
		{A26FD631-F6E7-405A-B5B3-D8E2982CA708}.Debug|x64.ActiveCfg = Debug|Any CPU
		{A26FD631-F6E7-405A-B5B3-D8E2982CA708}.Debug|x64.Build.0 = Debug|Any CPU
		{A26FD631-F6E7-405A-B5B3-D8E2982CA708}.Debug|x86.ActiveCfg = Debug|Any CPU
		{A26FD631-F6E7-405A-B5B3-D8E2982CA708}.Debug|x86.Build.0 = Debug|Any CPU
		{A26FD631-F6E7-405A-B5B3-D8E2982CA708}.Release|Any CPU.ActiveCfg = Release|Any CPU
		{A26FD631-F6E7-405A-B5B3-D8E2982CA708}.Release|Any CPU.Build.0 = Release|Any CPU
		{A26FD631-F6E7-405A-B5B3-D8E2982CA708}.Release|x64.ActiveCfg = Release|Any CPU
		{A26FD631-F6E7-405A-B5B3-D8E2982CA708}.Release|x64.Build.0 = Release|Any CPU
		{A26FD631-F6E7-405A-B5B3-D8E2982CA708}.Release|x86.ActiveCfg = Release|Any CPU
		{A26FD631-F6E7-405A-B5B3-D8E2982CA708}.Release|x86.Build.0 = Release|Any CPU
		{A2FD088F-7ED6-4A87-B1A3-FC62504FBE2B}.Debug|Any CPU.ActiveCfg = Debug|Any CPU
		{A2FD088F-7ED6-4A87-B1A3-FC62504FBE2B}.Debug|Any CPU.Build.0 = Debug|Any CPU
		{A2FD088F-7ED6-4A87-B1A3-FC62504FBE2B}.Debug|x64.ActiveCfg = Debug|Any CPU
		{A2FD088F-7ED6-4A87-B1A3-FC62504FBE2B}.Debug|x64.Build.0 = Debug|Any CPU
		{A2FD088F-7ED6-4A87-B1A3-FC62504FBE2B}.Debug|x86.ActiveCfg = Debug|Any CPU
		{A2FD088F-7ED6-4A87-B1A3-FC62504FBE2B}.Debug|x86.Build.0 = Debug|Any CPU
		{A2FD088F-7ED6-4A87-B1A3-FC62504FBE2B}.Release|Any CPU.ActiveCfg = Release|Any CPU
		{A2FD088F-7ED6-4A87-B1A3-FC62504FBE2B}.Release|Any CPU.Build.0 = Release|Any CPU
		{A2FD088F-7ED6-4A87-B1A3-FC62504FBE2B}.Release|x64.ActiveCfg = Release|Any CPU
		{A2FD088F-7ED6-4A87-B1A3-FC62504FBE2B}.Release|x64.Build.0 = Release|Any CPU
		{A2FD088F-7ED6-4A87-B1A3-FC62504FBE2B}.Release|x86.ActiveCfg = Release|Any CPU
		{A2FD088F-7ED6-4A87-B1A3-FC62504FBE2B}.Release|x86.Build.0 = Release|Any CPU
		{808956AC-4BF8-40DA-BBB5-D126AC0CDEC6}.Debug|Any CPU.ActiveCfg = Debug|Any CPU
		{808956AC-4BF8-40DA-BBB5-D126AC0CDEC6}.Debug|Any CPU.Build.0 = Debug|Any CPU
		{808956AC-4BF8-40DA-BBB5-D126AC0CDEC6}.Debug|x64.ActiveCfg = Debug|Any CPU
		{808956AC-4BF8-40DA-BBB5-D126AC0CDEC6}.Debug|x64.Build.0 = Debug|Any CPU
		{808956AC-4BF8-40DA-BBB5-D126AC0CDEC6}.Debug|x86.ActiveCfg = Debug|Any CPU
		{808956AC-4BF8-40DA-BBB5-D126AC0CDEC6}.Debug|x86.Build.0 = Debug|Any CPU
		{808956AC-4BF8-40DA-BBB5-D126AC0CDEC6}.Release|Any CPU.ActiveCfg = Release|Any CPU
		{808956AC-4BF8-40DA-BBB5-D126AC0CDEC6}.Release|Any CPU.Build.0 = Release|Any CPU
		{808956AC-4BF8-40DA-BBB5-D126AC0CDEC6}.Release|x64.ActiveCfg = Release|Any CPU
		{808956AC-4BF8-40DA-BBB5-D126AC0CDEC6}.Release|x64.Build.0 = Release|Any CPU
		{808956AC-4BF8-40DA-BBB5-D126AC0CDEC6}.Release|x86.ActiveCfg = Release|Any CPU
		{808956AC-4BF8-40DA-BBB5-D126AC0CDEC6}.Release|x86.Build.0 = Release|Any CPU
		{9BC0F168-8335-4069-9619-72C315E2421E}.Debug|Any CPU.ActiveCfg = Debug|Any CPU
		{9BC0F168-8335-4069-9619-72C315E2421E}.Debug|Any CPU.Build.0 = Debug|Any CPU
		{9BC0F168-8335-4069-9619-72C315E2421E}.Debug|x64.ActiveCfg = Debug|Any CPU
		{9BC0F168-8335-4069-9619-72C315E2421E}.Debug|x64.Build.0 = Debug|Any CPU
		{9BC0F168-8335-4069-9619-72C315E2421E}.Debug|x86.ActiveCfg = Debug|Any CPU
		{9BC0F168-8335-4069-9619-72C315E2421E}.Debug|x86.Build.0 = Debug|Any CPU
		{9BC0F168-8335-4069-9619-72C315E2421E}.Release|Any CPU.ActiveCfg = Release|Any CPU
		{9BC0F168-8335-4069-9619-72C315E2421E}.Release|Any CPU.Build.0 = Release|Any CPU
		{9BC0F168-8335-4069-9619-72C315E2421E}.Release|x64.ActiveCfg = Release|Any CPU
		{9BC0F168-8335-4069-9619-72C315E2421E}.Release|x64.Build.0 = Release|Any CPU
		{9BC0F168-8335-4069-9619-72C315E2421E}.Release|x86.ActiveCfg = Release|Any CPU
		{9BC0F168-8335-4069-9619-72C315E2421E}.Release|x86.Build.0 = Release|Any CPU
		{9345CCB9-9A39-45ED-AB7D-078DF8669275}.Debug|Any CPU.ActiveCfg = Debug|Any CPU
		{9345CCB9-9A39-45ED-AB7D-078DF8669275}.Debug|Any CPU.Build.0 = Debug|Any CPU
		{9345CCB9-9A39-45ED-AB7D-078DF8669275}.Debug|x64.ActiveCfg = Debug|Any CPU
		{9345CCB9-9A39-45ED-AB7D-078DF8669275}.Debug|x64.Build.0 = Debug|Any CPU
		{9345CCB9-9A39-45ED-AB7D-078DF8669275}.Debug|x86.ActiveCfg = Debug|Any CPU
		{9345CCB9-9A39-45ED-AB7D-078DF8669275}.Debug|x86.Build.0 = Debug|Any CPU
		{9345CCB9-9A39-45ED-AB7D-078DF8669275}.Release|Any CPU.ActiveCfg = Release|Any CPU
		{9345CCB9-9A39-45ED-AB7D-078DF8669275}.Release|Any CPU.Build.0 = Release|Any CPU
		{9345CCB9-9A39-45ED-AB7D-078DF8669275}.Release|x64.ActiveCfg = Release|Any CPU
		{9345CCB9-9A39-45ED-AB7D-078DF8669275}.Release|x64.Build.0 = Release|Any CPU
		{9345CCB9-9A39-45ED-AB7D-078DF8669275}.Release|x86.ActiveCfg = Release|Any CPU
		{9345CCB9-9A39-45ED-AB7D-078DF8669275}.Release|x86.Build.0 = Release|Any CPU
	EndGlobalSection
	GlobalSection(SolutionProperties) = preSolution
		HideSolutionNode = FALSE
	EndGlobalSection
	GlobalSection(ExtensibilityGlobals) = postSolution
		SolutionGuid = {B99387C9-1F71-484C-A77A-0C3B62846FF2}
	EndGlobalSection
EndGlobal
